PODS:
  - TPKeyboardAvoiding (1.3.2)

DEPENDENCIES:
  - TPKeyboardAvoiding

SPEC REPOS:
  https://github.com/cocoapods/specs.git:
    - TPKeyboardAvoiding

SPEC CHECKSUMS:
  TPKeyboardAvoiding: cb69d5ddbe90ce0170e4bc2db1e5e41d4a3ad9a4

PODFILE CHECKSUM: 1cc7cbf160062698a638071f2af188139eb485fe

COCOAPODS: 1.5.3
